# Generated by move; do not edit
# This file should be checked in.

[move]
version = 4

[pinned.testnet.MoveStdlib]
source = { git = "https://github.com/MystenLabs/sui.git", subdir = 'crates\sui-framework\packages\move-stdlib', rev = "718ae563a42fb4ba0d055588f81c704dcef58c25" }
use_environment = "testnet"
manifest_digest = "C4FE4C91DE74CBF223B2E380AE40F592177D21870DC2D7EB6227D2D694E05363"
deps = {}

[pinned.testnet.Sui]
source = { git = "https://github.com/MystenLabs/sui.git", subdir = 'crates\sui-framework\packages\sui-framework', rev = "718ae563a42fb4ba0d055588f81c704dcef58c25" }
use_environment = "testnet"
manifest_digest = "7AFB66695545775FBFBB2D3078ADFD084244D5002392E837FDE21D9EA1C6D01C"
deps = { MoveStdlib = "MoveStdlib" }

[pinned.testnet.deepbook]
source = { git = "https://github.com/MystenLabs/deepbookv3.git", subdir = 'packages\deepbook', rev = "5411ef3aa93f7722409b2a85047baa3d4d830c07" }
use_environment = "testnet"
manifest_digest = "3101923B9428545A4F52FFAD1C4F959F9BFFF84CD09CE4BCC1CB831286999B5A"
deps = { std = "MoveStdlib", sui = "Sui", token = "token" }

[pinned.testnet.moby_policy]
source = { root = true }
use_environment = "testnet"
manifest_digest = "BB1BA362CEB31DC3BE03A981768FB2F8B8705C3034D38C4778BDFE751275D86F"
deps = { deepbook = "deepbook", std = "MoveStdlib", sui = "Sui" }

[pinned.testnet.token]
source = { git = "https://github.com/MystenLabs/deepbookv3.git", subdir = 'packages\token', rev = "daa5a9514908968f11be1d0388f673e0ee1a5059" }
use_environment = "testnet"
manifest_digest = "5745706258F61D6CE210904B3E6AE87A73CE9D31A6F93BE4718C442529332A87"
deps = { std = "MoveStdlib", sui = "Sui" }
